<?xml version="1.0" encoding="utf-8"?>
<Project ToolsVersion="4.0" xmlns="http://schemas.microsoft.com/developer/msbuild/2003">
  <ItemGroup>
    <Filter Include="Source Files">
      <UniqueIdentifier>{4FC737F1-C7A5-4376-A066-2A32D752A2FF}</UniqueIdentifier>
      <Extensions>qml;cpp;c;cc;cxx;def;odl;idl;hpj;bat;asm;asmx</Extensions>
    </Filter>
    <Filter Include="Header Files">
      <UniqueIdentifier>{93995380-89BD-4b04-88EB-625FBE52EBFB}</UniqueIdentifier>
      <Extensions>h;hh;hpp;hxx;hm;inl;inc;xsd</Extensions>
    </Filter>
    <Filter Include="Resource Files">
      <UniqueIdentifier>{67DA6AB6-F800-4c08-8B7A-83BB121AAD01}</UniqueIdentifier>
      <Extensions>qrc;rc;ico;cur;bmp;dlg;rc2;rct;bin;rgs;gif;jpg;jpeg;jpe;resx;tiff;tif;png;wav;mfcribbon-ms</Extensions>
    </Filter>
    <Filter Include="Form Files">
      <UniqueIdentifier>{99349809-55BA-4b9d-BF79-8FDBB0286EB3}</UniqueIdentifier>
      <Extensions>ui</Extensions>
    </Filter>
    <Filter Include="Translation Files">
      <UniqueIdentifier>{639EADAA-A684-42e4-A9AD-28FC9BCB8F7C}</UniqueIdentifier>
      <Extensions>ts</Extensions>
    </Filter>
    <Filter Include="UI">
      <UniqueIdentifier>{d57c66b5-6f93-41b1-9ad7-9c01d7487e3d}</UniqueIdentifier>
    </Filter>
    <Filter Include="UI\inc">
      <UniqueIdentifier>{e978cb53-26f9-4ee2-bce7-d56bc6a15b46}</UniqueIdentifier>
    </Filter>
    <Filter Include="UI\src">
      <UniqueIdentifier>{7dcc409c-8fe3-43ed-998d-231899774cc8}</UniqueIdentifier>
    </Filter>
    <Filter Include="Tcp">
      <UniqueIdentifier>{adab64e4-31a7-4cf8-a153-b33f6337f05b}</UniqueIdentifier>
    </Filter>
    <Filter Include="Tcp\inc">
      <UniqueIdentifier>{25ca4089-ff8a-4919-94bb-bc47cde3253a}</UniqueIdentifier>
    </Filter>
    <Filter Include="Tcp\src">
      <UniqueIdentifier>{35e7334c-b778-43c6-955f-9ea34a93a470}</UniqueIdentifier>
    </Filter>
  </ItemGroup>
  <ItemGroup>
    <QtRcc Include="MainWindow.qrc">
      <Filter>Resource Files</Filter>
    </QtRcc>
    <QtUic Include="MainWindow.ui">
      <Filter>Form Files</Filter>
    </QtUic>
  </ItemGroup>
  <ItemGroup>
    <QtMoc Include="UI\inc\MainWindow.h">
      <Filter>UI\inc</Filter>
    </QtMoc>
    <QtMoc Include="Tcp\inc\TcpClient.h">
      <Filter>Tcp\inc</Filter>
    </QtMoc>
  </ItemGroup>
  <ItemGroup>
    <ClCompile Include="UI\src\MainWindow.cpp">
      <Filter>UI\src</Filter>
    </ClCompile>
    <ClCompile Include="Tcp\src\TcpClient.cpp">
      <Filter>Tcp\src</Filter>
    </ClCompile>
    <ClCompile Include="main.cpp">
      <Filter>Source Files</Filter>
    </ClCompile>
  </ItemGroup>
</Project>