<?xml version="1.0" encoding="utf-8"?>
<Project ToolsVersion="4.0" xmlns="http://schemas.microsoft.com/developer/msbuild/2003">
  <ItemGroup>
    <Filter Include="Source Files">
      <UniqueIdentifier>{4FC737F1-C7A5-4376-A066-2A32D752A2FF}</UniqueIdentifier>
      <Extensions>qml;cpp;c;cc;cxx;def;odl;idl;hpj;bat;asm;asmx</Extensions>
    </Filter>
    <Filter Include="Header Files">
      <UniqueIdentifier>{93995380-89BD-4b04-88EB-625FBE52EBFB}</UniqueIdentifier>
      <Extensions>h;hh;hpp;hxx;hm;inl;inc;xsd</Extensions>
    </Filter>
    <Filter Include="Resource Files">
      <UniqueIdentifier>{67DA6AB6-F800-4c08-8B7A-83BB121AAD01}</UniqueIdentifier>
      <Extensions>qrc;rc;ico;cur;bmp;dlg;rc2;rct;bin;rgs;gif;jpg;jpeg;jpe;resx;tiff;tif;png;wav;mfcribbon-ms</Extensions>
    </Filter>
    <Filter Include="Form Files">
      <UniqueIdentifier>{99349809-55BA-4b9d-BF79-8FDBB0286EB3}</UniqueIdentifier>
      <Extensions>ui</Extensions>
    </Filter>
    <Filter Include="Translation Files">
      <UniqueIdentifier>{639EADAA-A684-42e4-A9AD-28FC9BCB8F7C}</UniqueIdentifier>
      <Extensions>ts</Extensions>
    </Filter>
    <Filter Include="inc">
      <UniqueIdentifier>{929b139c-e52d-4f7d-938f-f2e9b59b9e1a}</UniqueIdentifier>
    </Filter>
    <Filter Include="src">
      <UniqueIdentifier>{dba0abee-2e06-4264-ac84-5f8a3400098a}</UniqueIdentifier>
    </Filter>
    <Filter Include="src\UI">
      <UniqueIdentifier>{95d1a2db-4a4a-442e-b6ce-954597130cc4}</UniqueIdentifier>
    </Filter>
    <Filter Include="src\Utils">
      <UniqueIdentifier>{4e709df6-4484-41e2-b2dd-c9ca80e7d280}</UniqueIdentifier>
    </Filter>
    <Filter Include="src\Model">
      <UniqueIdentifier>{b84ab3f2-95e2-4a64-9427-a464c909ace4}</UniqueIdentifier>
    </Filter>
    <Filter Include="src\DAL">
      <UniqueIdentifier>{a4adc43e-bbac-462c-926c-ed6053e4906b}</UniqueIdentifier>
    </Filter>
    <Filter Include="src\BIL">
      <UniqueIdentifier>{795520d2-828a-4437-a9a2-d39630bbadce}</UniqueIdentifier>
    </Filter>
  </ItemGroup>
  <ItemGroup>
    <QtRcc Include="res\LoginForm.qrc">
      <Filter>Resource Files</Filter>
    </QtRcc>
    <QtRcc Include="res\MainWindow.qrc">
      <Filter>Resource Files</Filter>
    </QtRcc>
  </ItemGroup>
  <ItemGroup>
    <ClCompile Include="main.cpp">
      <Filter>Source Files</Filter>
    </ClCompile>
    <ClCompile Include="src\Utils\TcpClient.cpp">
      <Filter>src\Utils</Filter>
    </ClCompile>
    <ClCompile Include="src\UI\MainWindow.cpp">
      <Filter>src\UI</Filter>
    </ClCompile>
    <ClCompile Include="src\Utils\XmlHelper.cpp">
      <Filter>src\Utils</Filter>
    </ClCompile>
    <ClCompile Include="src\Utils\Md5.c">
      <Filter>src\Utils</Filter>
    </ClCompile>
    <ClCompile Include="src\UI\LoginForm.cpp">
      <Filter>src\UI</Filter>
    </ClCompile>
    <ClCompile Include="src\UI\SignupForm.cpp">
      <Filter>src\UI</Filter>
    </ClCompile>
    <ClCompile Include="src\Utils\configOper.cpp">
      <Filter>src\Utils</Filter>
    </ClCompile>
    <ClCompile Include="src\UI\ServerConfigForm.cpp">
      <Filter>src\UI</Filter>
    </ClCompile>
    <ClCompile Include="src\Model\protocol.cpp">
      <Filter>src\Model</Filter>
    </ClCompile>
    <ClCompile Include="src\Model\User.cpp">
      <Filter>src\Model</Filter>
    </ClCompile>
    <ClCompile Include="src\BIL\SignUp.cpp">
      <Filter>src\BIL</Filter>
    </ClCompile>
    <ClCompile Include="src\Utils\SSLHelper.cpp">
      <Filter>src\Utils</Filter>
    </ClCompile>
    <ClCompile Include="src\Utils\XmlConstructor.cpp">
      <Filter>src\Utils</Filter>
    </ClCompile>
    <ClCompile Include="src\Utils\XmlParser.cpp">
      <Filter>src\Utils</Filter>
    </ClCompile>
    <ClCompile Include="src\Client.cpp">
      <Filter>src</Filter>
    </ClCompile>
    <ClCompile Include="src\BIL\AbstractBusiness.cpp">
      <Filter>src\BIL</Filter>
    </ClCompile>
    <ClCompile Include="src\BIL\SendBusinessFactory.cpp">
      <Filter>src\BIL</Filter>
    </ClCompile>
  </ItemGroup>
  <ItemGroup>
    <QtMoc Include="inc\MainWindow.h">
      <Filter>inc</Filter>
    </QtMoc>
    <QtMoc Include="inc\TcpClient.h">
      <Filter>inc</Filter>
    </QtMoc>
    <QtMoc Include="inc\LoginForm.h">
      <Filter>inc</Filter>
    </QtMoc>
    <QtMoc Include="inc\SignupForm.h">
      <Filter>inc</Filter>
    </QtMoc>
    <QtMoc Include="inc\ServerConfigForm.h">
      <Filter>inc</Filter>
    </QtMoc>
    <QtMoc Include="inc\Client.h">
      <Filter>inc</Filter>
    </QtMoc>
    <QtMoc Include="inc\SignUp.h">
      <Filter>inc</Filter>
    </QtMoc>
    <QtMoc Include="inc\AbstractBusiness.h">
      <Filter>inc</Filter>
    </QtMoc>
    <QtMoc Include="inc\SendBusinessFactory.h">
      <Filter>inc</Filter>
    </QtMoc>
  </ItemGroup>
  <ItemGroup>
    <ClInclude Include="inc\XmlHelper.h">
      <Filter>inc</Filter>
    </ClInclude>
    <ClInclude Include="inc\Md5.h">
      <Filter>inc</Filter>
    </ClInclude>
    <ClInclude Include="inc\protocol.h">
      <Filter>inc</Filter>
    </ClInclude>
    <ClInclude Include="resource.h">
      <Filter>Header Files</Filter>
    </ClInclude>
    <ClInclude Include="inc\Header.h">
      <Filter>inc</Filter>
    </ClInclude>
    <ClInclude Include="inc\configOper.h">
      <Filter>inc</Filter>
    </ClInclude>
    <ClInclude Include="inc\XmlConstructor.h">
      <Filter>inc</Filter>
    </ClInclude>
    <ClInclude Include="inc\XmlParser.h">
      <Filter>inc</Filter>
    </ClInclude>
    <ClInclude Include="inc\User.h">
      <Filter>inc</Filter>
    </ClInclude>
    <ClInclude Include="inc\SSLHelper.h">
      <Filter>inc</Filter>
    </ClInclude>
  </ItemGroup>
  <ItemGroup>
    <QtUic Include="ui\MainWindow.ui">
      <Filter>Form Files</Filter>
    </QtUic>
    <QtUic Include="ui\LoginForm.ui">
      <Filter>Form Files</Filter>
    </QtUic>
    <QtUic Include="ui\SignupForm.ui">
      <Filter>Form Files</Filter>
    </QtUic>
    <QtUic Include="ui\ServerConfigForm.ui">
      <Filter>Form Files</Filter>
    </QtUic>
  </ItemGroup>
</Project>